PODS:
  - Alamofire (5.0.2)
  - SwiftLint (0.39.1)

DEPENDENCIES:
  - Alamofire (~> 5.0.2)
  - SwiftLint (~> 0.39.1)

SPEC REPOS:
  trunk:
    - Alamofire
    - SwiftLint

SPEC CHECKSUMS:
  Alamofire: 3ba7a4db18b4f62c4a1c0e1cb39d7f3d52e10ada
  SwiftLint: 55e96a4a4d537d4a3156859fc1c54bd24851a046

PODFILE CHECKSUM: 1d7ee1ee273fe9b2a2c71f039cd079242088e1f6

COCOAPODS: 1.9.0
