PODS:
  - Alamofire (5.0.2)
  - SwiftLint (0.39.1)

DEPENDENCIES:
  - Alamofire (~> 5.0.2)
  - SwiftLint (~> 0.39.1)

SPEC REPOS:
  trunk:
    - Alamofire
    - SwiftLint

SPEC CHECKSUMS:
  Alamofire: 3ba7a4db18b4f62c4a1c0e1cb39d7f3d52e10ada
  SwiftLint: 55e96a4a4d537d4a3156859fc1c54bd24851a046

PODFILE CHECKSUM: f6c5173168caae82a89f0f212d10909a28602ce8

COCOAPODS: 1.9.0
