PODS:
  - Alamofire (5.0.5)
  - SwiftLint (0.39.2)

DEPENDENCIES:
  - Alamofire (~> 5.0.2)
  - SwiftLint (~> 0.39.2)

SPEC REPOS:
  trunk:
    - Alamofire
    - SwiftLint

SPEC CHECKSUMS:
  Alamofire: df2f8f826963b08b9a870791ad48e07a10090b2e
  SwiftLint: 22ccbbe3b8008684be5955693bab135e0ed6a447

PODFILE CHECKSUM: 75da4f8e522aa03b9fcee04031350a1cb6731754

COCOAPODS: 1.9.1
