// !$*UTF8*$!
{
	archiveVersion = 1;
	classes = {
	};
	objectVersion = 50;
	objects = {

/* Begin PBXBuildFile section */
		0C17862D2469B747001B3D4C /* ServerListItem.swift in Sources */ = {isa = PBXBuildFile; fileRef = 0C17862C2469B747001B3D4C /* ServerListItem.swift */; };
		0C17862F2469B93C001B3D4C /* Array+UpdateOrAppend.swift in Sources */ = {isa = PBXBuildFile; fileRef = 0C17862E2469B93C001B3D4C /* Array+UpdateOrAppend.swift */; };
		0C1786312469C8DB001B3D4C /* ArrayTests.swift in Sources */ = {isa = PBXBuildFile; fileRef = 0C1786302469C8DB001B3D4C /* ArrayTests.swift */; };
		0C18D5E52416D31B0035C3A5 /* URLFactory.swift in Sources */ = {isa = PBXBuildFile; fileRef = 0C18D5E42416D31B0035C3A5 /* URLFactory.swift */; };
		0C18D5E7241713390035C3A5 /* Comparable+Clamped.swift in Sources */ = {isa = PBXBuildFile; fileRef = 0C18D5E6241713390035C3A5 /* Comparable+Clamped.swift */; };
		0C18D5E9241714C80035C3A5 /* HTTPParametersFactory.swift in Sources */ = {isa = PBXBuildFile; fileRef = 0C18D5E8241714C80035C3A5 /* HTTPParametersFactory.swift */; };
		0C18D5EC241719470035C3A5 /* SettingsService.swift in Sources */ = {isa = PBXBuildFile; fileRef = 0C18D5EB241719470035C3A5 /* SettingsService.swift */; };
		0C30E249240DD390001C1EC9 /* AsynchroneousOperation.swift in Sources */ = {isa = PBXBuildFile; fileRef = 0C30E248240DD390001C1EC9 /* AsynchroneousOperation.swift */; };
		0C30E24B240DD3BA001C1EC9 /* Connectivity.swift in Sources */ = {isa = PBXBuildFile; fileRef = 0C30E24A240DD3BA001C1EC9 /* Connectivity.swift */; };
		0C30E254240DD5A1001C1EC9 /* SimplePing.m in Sources */ = {isa = PBXBuildFile; fileRef = 0C30E250240DD5A1001C1EC9 /* SimplePing.m */; };
		0C329E1F246067D100974713 /* ServerListViewModel.swift in Sources */ = {isa = PBXBuildFile; fileRef = 0C329E1E246067D100974713 /* ServerListViewModel.swift */; };
		0C329E2124608BDB00974713 /* Resolver.swift in Sources */ = {isa = PBXBuildFile; fileRef = 0C329E2024608BDB00974713 /* Resolver.swift */; };
		0C3A1E0C244DAD630030AF17 /* PlayerView.swift in Sources */ = {isa = PBXBuildFile; fileRef = 0C3A1E0B244DAD630030AF17 /* PlayerView.swift */; };
		0C48B3E324266FC500EEFE98 /* UserDefault.swift in Sources */ = {isa = PBXBuildFile; fileRef = 0C48B3E224266FC500EEFE98 /* UserDefault.swift */; };
		0C48B3E524267EC200EEFE98 /* Validation.swift in Sources */ = {isa = PBXBuildFile; fileRef = 0C48B3E424267EC200EEFE98 /* Validation.swift */; };
		0C48B3E7242691D800EEFE98 /* APIError.swift in Sources */ = {isa = PBXBuildFile; fileRef = 0C48B3E6242691D800EEFE98 /* APIError.swift */; };
		0C48B3E92426938C00EEFE98 /* APIService.swift in Sources */ = {isa = PBXBuildFile; fileRef = 0C48B3E82426938C00EEFE98 /* APIService.swift */; };
		0C48B3EB2426BEDF00EEFE98 /* PingError.swift in Sources */ = {isa = PBXBuildFile; fileRef = 0C48B3EA2426BEDF00EEFE98 /* PingError.swift */; };
		0C4A3E3C246B0094003199CE /* ServerListItem+Server.swift in Sources */ = {isa = PBXBuildFile; fileRef = 0C4A3E3B246B0094003199CE /* ServerListItem+Server.swift */; };
		0C4AF237240B35BF0057AC86 /* NetworkService.swift in Sources */ = {isa = PBXBuildFile; fileRef = 0C4AF236240B35BF0057AC86 /* NetworkService.swift */; };
		0C4AF23A240B3B5B0057AC86 /* Ping.swift in Sources */ = {isa = PBXBuildFile; fileRef = 0C4AF239240B3B5B0057AC86 /* Ping.swift */; };
		0C4AF23D240B59040057AC86 /* Logger.swift in Sources */ = {isa = PBXBuildFile; fileRef = 0C4AF23C240B59040057AC86 /* Logger.swift */; };
		0C4AF23F240B71DF0057AC86 /* LogEnums.swift in Sources */ = {isa = PBXBuildFile; fileRef = 0C4AF23E240B71DF0057AC86 /* LogEnums.swift */; };
		0C4DC9722466333300BD8F83 /* SliderViewModel.swift in Sources */ = {isa = PBXBuildFile; fileRef = 0C4DC9712466333300BD8F83 /* SliderViewModel.swift */; };
		0C4DC97C24663C0600BD8F83 /* SliderViewAction.swift in Sources */ = {isa = PBXBuildFile; fileRef = 0C4DC97924663C0600BD8F83 /* SliderViewAction.swift */; };
		0C4DC97D24663C0600BD8F83 /* SliderViewComposer.swift in Sources */ = {isa = PBXBuildFile; fileRef = 0C4DC97A24663C0600BD8F83 /* SliderViewComposer.swift */; };
		0C4DC97E24663C0600BD8F83 /* SliderViewReducer.swift in Sources */ = {isa = PBXBuildFile; fileRef = 0C4DC97B24663C0600BD8F83 /* SliderViewReducer.swift */; };
		0C4DC9812466C8C300BD8F83 /* SliderState.swift in Sources */ = {isa = PBXBuildFile; fileRef = 0C4DC9802466C8C300BD8F83 /* SliderState.swift */; };
		0C4FA7802416B0A300F71F9E /* Server.swift in Sources */ = {isa = PBXBuildFile; fileRef = 0C4FA77F2416B0A300F71F9E /* Server.swift */; };
		0C520B182455CE0700FB3D14 /* APIState.swift in Sources */ = {isa = PBXBuildFile; fileRef = 0C520B172455CE0700FB3D14 /* APIState.swift */; };
		0C56228E2466E837002932EB /* SeekSliderViewAction.swift in Sources */ = {isa = PBXBuildFile; fileRef = 0C56228D2466E837002932EB /* SeekSliderViewAction.swift */; };
		0C5622902466E85E002932EB /* VolumeSliderViewAction.swift in Sources */ = {isa = PBXBuildFile; fileRef = 0C56228F2466E85E002932EB /* VolumeSliderViewAction.swift */; };
		0C5622922466F5CD002932EB /* ServerState.swift in Sources */ = {isa = PBXBuildFile; fileRef = 0C5622912466F5CD002932EB /* ServerState.swift */; };
		0C6773DC24547BA700FFD6DE /* PlayerButton.swift in Sources */ = {isa = PBXBuildFile; fileRef = 0C6773DB24547BA700FFD6DE /* PlayerButton.swift */; };
		0C6773E02454D71F00FFD6DE /* Colors.swift in Sources */ = {isa = PBXBuildFile; fileRef = 0C6773DF2454D71F00FFD6DE /* Colors.swift */; };
		0C6773E22454DDE200FFD6DE /* Gradients.swift in Sources */ = {isa = PBXBuildFile; fileRef = 0C6773E12454DDE200FFD6DE /* Gradients.swift */; };
		0C78C3352455BED500589C3E /* PlayerStateFactory.swift in Sources */ = {isa = PBXBuildFile; fileRef = 0C78C3342455BED500589C3E /* PlayerStateFactory.swift */; };
		0C8271732411EEEB00E5474B /* Constants.swift in Sources */ = {isa = PBXBuildFile; fileRef = 0C8271722411EEEB00E5474B /* Constants.swift */; };
		0C83A757246179E50078CBB6 /* DataStore.swift in Sources */ = {isa = PBXBuildFile; fileRef = 0C83A756246179E50078CBB6 /* DataStore.swift */; };
		0C83A75D24617F7C0078CBB6 /* PlaybackState.swift in Sources */ = {isa = PBXBuildFile; fileRef = 0C83A75C24617F7C0078CBB6 /* PlaybackState.swift */; };
		0C83A761246188F30078CBB6 /* ReducerType.swift in Sources */ = {isa = PBXBuildFile; fileRef = 0C83A760246188F30078CBB6 /* ReducerType.swift */; };
		0C83A76724618A340078CBB6 /* PlayerViewReducer.swift in Sources */ = {isa = PBXBuildFile; fileRef = 0C83A76624618A340078CBB6 /* PlayerViewReducer.swift */; };
		0C83A76924618CD80078CBB6 /* ServerListViewReducer.swift in Sources */ = {isa = PBXBuildFile; fileRef = 0C83A76824618CD80078CBB6 /* ServerListViewReducer.swift */; };
		0C83A76E24619BC50078CBB6 /* PlayerViewAction.swift in Sources */ = {isa = PBXBuildFile; fileRef = 0C83A76D24619BC50078CBB6 /* PlayerViewAction.swift */; };
		0C83A7712461A1760078CBB6 /* PlayerStateProvider.swift in Sources */ = {isa = PBXBuildFile; fileRef = 0C83A7702461A1760078CBB6 /* PlayerStateProvider.swift */; };
		0C83A7732461A8EE0078CBB6 /* APIResult.swift in Sources */ = {isa = PBXBuildFile; fileRef = 0C83A7722461A8EE0078CBB6 /* APIResult.swift */; };
		0C83A7752461AA4D0078CBB6 /* PingResult.swift in Sources */ = {isa = PBXBuildFile; fileRef = 0C83A7742461AA4D0078CBB6 /* PingResult.swift */; };
		0C83A7782461AFBA0078CBB6 /* Composer.swift in Sources */ = {isa = PBXBuildFile; fileRef = 0C83A7772461AFBA0078CBB6 /* Composer.swift */; };
		0C83A77A2461B1A90078CBB6 /* PlayerViewComposer.swift in Sources */ = {isa = PBXBuildFile; fileRef = 0C83A7792461B1A90078CBB6 /* PlayerViewComposer.swift */; };
		0C83A77D2461B2110078CBB6 /* ActionType.swift in Sources */ = {isa = PBXBuildFile; fileRef = 0C83A77C2461B2110078CBB6 /* ActionType.swift */; };
		0C83A77F2461B2830078CBB6 /* ComposerType.swift in Sources */ = {isa = PBXBuildFile; fileRef = 0C83A77E2461B2830078CBB6 /* ComposerType.swift */; };
		0C83A7812461B2A10078CBB6 /* ModelType.swift in Sources */ = {isa = PBXBuildFile; fileRef = 0C83A7802461B2A10078CBB6 /* ModelType.swift */; };
		0C83A7852461C35F0078CBB6 /* ServerListViewAction.swift in Sources */ = {isa = PBXBuildFile; fileRef = 0C83A7842461C35F0078CBB6 /* ServerListViewAction.swift */; };
		0C83A7872461C51D0078CBB6 /* ServerListProvider.swift in Sources */ = {isa = PBXBuildFile; fileRef = 0C83A7862461C51D0078CBB6 /* ServerListProvider.swift */; };
		0C83A7892461C9CA0078CBB6 /* ServerListViewComposer.swift in Sources */ = {isa = PBXBuildFile; fileRef = 0C83A7882461C9CA0078CBB6 /* ServerListViewComposer.swift */; };
		0C83A78B2461E6420078CBB6 /* UserSettings.swift in Sources */ = {isa = PBXBuildFile; fileRef = 0C83A78A2461E6420078CBB6 /* UserSettings.swift */; };
		0C8D9110241844CF00439554 /* IPv4Tests.swift in Sources */ = {isa = PBXBuildFile; fileRef = 0C8D910F241844CF00439554 /* IPv4Tests.swift */; };
		0C8D91122418452F00439554 /* IPv4.swift in Sources */ = {isa = PBXBuildFile; fileRef = 0C8D91112418452F00439554 /* IPv4.swift */; };
		0CA7AFC8245B1597007842A5 /* View+ScreenWidth.swift in Sources */ = {isa = PBXBuildFile; fileRef = 0CA7AFC7245B1597007842A5 /* View+ScreenWidth.swift */; };
		0CA8AB3D245F26A8005E15F4 /* ServerView.swift in Sources */ = {isa = PBXBuildFile; fileRef = 0CA8AB3C245F26A8005E15F4 /* ServerView.swift */; };
		0CA8AB3F245F349C005E15F4 /* PreviewStyle.swift in Sources */ = {isa = PBXBuildFile; fileRef = 0CA8AB3E245F349C005E15F4 /* PreviewStyle.swift */; };
		0CB0F9AB245838D300C31A04 /* TextFormatter.swift in Sources */ = {isa = PBXBuildFile; fileRef = 0CB0F9AA245838D300C31A04 /* TextFormatter.swift */; };
		0CB4389D245F74D3001A7638 /* ServerListView.swift in Sources */ = {isa = PBXBuildFile; fileRef = 0CB4389C245F74D3001A7638 /* ServerListView.swift */; };
		0CB4389F245F78A1001A7638 /* Bundle+Convenience.swift in Sources */ = {isa = PBXBuildFile; fileRef = 0CB4389E245F78A1001A7638 /* Bundle+Convenience.swift */; };
		0CBB87332462F07100BAF7C6 /* Core.swift in Sources */ = {isa = PBXBuildFile; fileRef = 0CBB87322462F07100BAF7C6 /* Core.swift */; };
		0CBB87372462FB1C00BAF7C6 /* OperationProvider.swift in Sources */ = {isa = PBXBuildFile; fileRef = 0CBB87362462FB1C00BAF7C6 /* OperationProvider.swift */; };
		0CD0EA5C2408973100DE10E5 /* AppDelegate.swift in Sources */ = {isa = PBXBuildFile; fileRef = 0CD0EA5B2408973100DE10E5 /* AppDelegate.swift */; };
		0CD0EA5E2408973100DE10E5 /* SceneDelegate.swift in Sources */ = {isa = PBXBuildFile; fileRef = 0CD0EA5D2408973100DE10E5 /* SceneDelegate.swift */; };
		0CD0EA652408973100DE10E5 /* Assets.xcassets in Resources */ = {isa = PBXBuildFile; fileRef = 0CD0EA642408973100DE10E5 /* Assets.xcassets */; };
		0CD0EA682408973100DE10E5 /* LaunchScreen.storyboard in Resources */ = {isa = PBXBuildFile; fileRef = 0CD0EA662408973100DE10E5 /* LaunchScreen.storyboard */; };
		0CE231E424573C710068820C /* PlayerViewModel.swift in Sources */ = {isa = PBXBuildFile; fileRef = 0CE231E324573C710068820C /* PlayerViewModel.swift */; };
		0CE231E82457AE9C0068820C /* SliderView.swift in Sources */ = {isa = PBXBuildFile; fileRef = 0CE231E72457AE9C0068820C /* SliderView.swift */; };
		0CFAC4CC2410A0C900EF83E1 /* PlayerState.swift in Sources */ = {isa = PBXBuildFile; fileRef = 0CFAC4CB2410A0C900EF83E1 /* PlayerState.swift */; };
		ABB7103A3758090544BECD14 /* libPods-MPCRemoteTests.a in Frameworks */ = {isa = PBXBuildFile; fileRef = 0F8E237D84CA8F64B517A74F /* libPods-MPCRemoteTests.a */; };
		F1CDBB008BD9848EE0F83594 /* libPods-MPCRemote.a in Frameworks */ = {isa = PBXBuildFile; fileRef = E1A90B73EB470EB98F0EED69 /* libPods-MPCRemote.a */; };
/* End PBXBuildFile section */

/* Begin PBXContainerItemProxy section */
		0CD0EA6F2408973100DE10E5 /* PBXContainerItemProxy */ = {
			isa = PBXContainerItemProxy;
			containerPortal = 0CD0EA502408973100DE10E5 /* Project object */;
			proxyType = 1;
			remoteGlobalIDString = 0CD0EA572408973100DE10E5;
			remoteInfo = MPCRemote;
		};
/* End PBXContainerItemProxy section */

/* Begin PBXFileReference section */
		0115685AAFD50309556E0E25 /* Pods-MPCRemote.debug.xcconfig */ = {isa = PBXFileReference; includeInIndex = 1; lastKnownFileType = text.xcconfig; name = "Pods-MPCRemote.debug.xcconfig"; path = "Target Support Files/Pods-MPCRemote/Pods-MPCRemote.debug.xcconfig"; sourceTree = "<group>"; };
		0C17862C2469B747001B3D4C /* ServerListItem.swift */ = {isa = PBXFileReference; fileEncoding = 4; lastKnownFileType = sourcecode.swift; path = ServerListItem.swift; sourceTree = "<group>"; };
		0C17862E2469B93C001B3D4C /* Array+UpdateOrAppend.swift */ = {isa = PBXFileReference; lastKnownFileType = sourcecode.swift; path = "Array+UpdateOrAppend.swift"; sourceTree = "<group>"; };
		0C1786302469C8DB001B3D4C /* ArrayTests.swift */ = {isa = PBXFileReference; lastKnownFileType = sourcecode.swift; path = ArrayTests.swift; sourceTree = "<group>"; };
		0C18D5E42416D31B0035C3A5 /* URLFactory.swift */ = {isa = PBXFileReference; lastKnownFileType = sourcecode.swift; path = URLFactory.swift; sourceTree = "<group>"; };
		0C18D5E6241713390035C3A5 /* Comparable+Clamped.swift */ = {isa = PBXFileReference; lastKnownFileType = sourcecode.swift; path = "Comparable+Clamped.swift"; sourceTree = "<group>"; };
		0C18D5E8241714C80035C3A5 /* HTTPParametersFactory.swift */ = {isa = PBXFileReference; lastKnownFileType = sourcecode.swift; path = HTTPParametersFactory.swift; sourceTree = "<group>"; };
		0C18D5EB241719470035C3A5 /* SettingsService.swift */ = {isa = PBXFileReference; lastKnownFileType = sourcecode.swift; path = SettingsService.swift; sourceTree = "<group>"; };
		0C30E248240DD390001C1EC9 /* AsynchroneousOperation.swift */ = {isa = PBXFileReference; fileEncoding = 4; lastKnownFileType = sourcecode.swift; path = AsynchroneousOperation.swift; sourceTree = "<group>"; };
		0C30E24A240DD3BA001C1EC9 /* Connectivity.swift */ = {isa = PBXFileReference; lastKnownFileType = sourcecode.swift; path = Connectivity.swift; sourceTree = "<group>"; };
		0C30E250240DD5A1001C1EC9 /* SimplePing.m */ = {isa = PBXFileReference; fileEncoding = 4; lastKnownFileType = sourcecode.c.objc; path = SimplePing.m; sourceTree = "<group>"; };
		0C30E252240DD5A1001C1EC9 /* SimplePing.h */ = {isa = PBXFileReference; fileEncoding = 4; lastKnownFileType = sourcecode.c.h; path = SimplePing.h; sourceTree = "<group>"; };
		0C329E1E246067D100974713 /* ServerListViewModel.swift */ = {isa = PBXFileReference; lastKnownFileType = sourcecode.swift; path = ServerListViewModel.swift; sourceTree = "<group>"; };
		0C329E2024608BDB00974713 /* Resolver.swift */ = {isa = PBXFileReference; lastKnownFileType = sourcecode.swift; path = Resolver.swift; sourceTree = "<group>"; };
		0C3A1E0B244DAD630030AF17 /* PlayerView.swift */ = {isa = PBXFileReference; lastKnownFileType = sourcecode.swift; path = PlayerView.swift; sourceTree = "<group>"; };
		0C48B3E224266FC500EEFE98 /* UserDefault.swift */ = {isa = PBXFileReference; lastKnownFileType = sourcecode.swift; path = UserDefault.swift; sourceTree = "<group>"; };
		0C48B3E424267EC200EEFE98 /* Validation.swift */ = {isa = PBXFileReference; fileEncoding = 4; lastKnownFileType = sourcecode.swift; path = Validation.swift; sourceTree = "<group>"; };
		0C48B3E6242691D800EEFE98 /* APIError.swift */ = {isa = PBXFileReference; lastKnownFileType = sourcecode.swift; path = APIError.swift; sourceTree = "<group>"; };
		0C48B3E82426938C00EEFE98 /* APIService.swift */ = {isa = PBXFileReference; fileEncoding = 4; lastKnownFileType = sourcecode.swift; path = APIService.swift; sourceTree = "<group>"; };
		0C48B3EA2426BEDF00EEFE98 /* PingError.swift */ = {isa = PBXFileReference; lastKnownFileType = sourcecode.swift; path = PingError.swift; sourceTree = "<group>"; };
		0C4A3E3B246B0094003199CE /* ServerListItem+Server.swift */ = {isa = PBXFileReference; lastKnownFileType = sourcecode.swift; path = "ServerListItem+Server.swift"; sourceTree = "<group>"; };
		0C4AF232240B35020057AC86 /* MPCRemote-Bridging-Header.h */ = {isa = PBXFileReference; lastKnownFileType = sourcecode.c.h; path = "MPCRemote-Bridging-Header.h"; sourceTree = "<group>"; };
		0C4AF236240B35BF0057AC86 /* NetworkService.swift */ = {isa = PBXFileReference; lastKnownFileType = sourcecode.swift; path = NetworkService.swift; sourceTree = "<group>"; };
		0C4AF239240B3B5B0057AC86 /* Ping.swift */ = {isa = PBXFileReference; lastKnownFileType = sourcecode.swift; path = Ping.swift; sourceTree = "<group>"; };
		0C4AF23C240B59040057AC86 /* Logger.swift */ = {isa = PBXFileReference; lastKnownFileType = sourcecode.swift; path = Logger.swift; sourceTree = "<group>"; };
		0C4AF23E240B71DF0057AC86 /* LogEnums.swift */ = {isa = PBXFileReference; lastKnownFileType = sourcecode.swift; path = LogEnums.swift; sourceTree = "<group>"; };
		0C4DC9712466333300BD8F83 /* SliderViewModel.swift */ = {isa = PBXFileReference; fileEncoding = 4; lastKnownFileType = sourcecode.swift; path = SliderViewModel.swift; sourceTree = "<group>"; };
		0C4DC97924663C0600BD8F83 /* SliderViewAction.swift */ = {isa = PBXFileReference; fileEncoding = 4; lastKnownFileType = sourcecode.swift; path = SliderViewAction.swift; sourceTree = "<group>"; };
		0C4DC97A24663C0600BD8F83 /* SliderViewComposer.swift */ = {isa = PBXFileReference; fileEncoding = 4; lastKnownFileType = sourcecode.swift; path = SliderViewComposer.swift; sourceTree = "<group>"; };
		0C4DC97B24663C0600BD8F83 /* SliderViewReducer.swift */ = {isa = PBXFileReference; fileEncoding = 4; lastKnownFileType = sourcecode.swift; path = SliderViewReducer.swift; sourceTree = "<group>"; };
		0C4DC9802466C8C300BD8F83 /* SliderState.swift */ = {isa = PBXFileReference; lastKnownFileType = sourcecode.swift; path = SliderState.swift; sourceTree = "<group>"; };
		0C4FA77F2416B0A300F71F9E /* Server.swift */ = {isa = PBXFileReference; lastKnownFileType = sourcecode.swift; path = Server.swift; sourceTree = "<group>"; };
		0C520B172455CE0700FB3D14 /* APIState.swift */ = {isa = PBXFileReference; lastKnownFileType = sourcecode.swift; path = APIState.swift; sourceTree = "<group>"; };
		0C56228D2466E837002932EB /* SeekSliderViewAction.swift */ = {isa = PBXFileReference; lastKnownFileType = sourcecode.swift; path = SeekSliderViewAction.swift; sourceTree = "<group>"; };
		0C56228F2466E85E002932EB /* VolumeSliderViewAction.swift */ = {isa = PBXFileReference; lastKnownFileType = sourcecode.swift; path = VolumeSliderViewAction.swift; sourceTree = "<group>"; };
		0C5622912466F5CD002932EB /* ServerState.swift */ = {isa = PBXFileReference; lastKnownFileType = sourcecode.swift; path = ServerState.swift; sourceTree = "<group>"; };
		0C6773DB24547BA700FFD6DE /* PlayerButton.swift */ = {isa = PBXFileReference; lastKnownFileType = sourcecode.swift; path = PlayerButton.swift; sourceTree = "<group>"; };
		0C6773DF2454D71F00FFD6DE /* Colors.swift */ = {isa = PBXFileReference; lastKnownFileType = sourcecode.swift; path = Colors.swift; sourceTree = "<group>"; };
		0C6773E12454DDE200FFD6DE /* Gradients.swift */ = {isa = PBXFileReference; lastKnownFileType = sourcecode.swift; path = Gradients.swift; sourceTree = "<group>"; };
		0C78C3342455BED500589C3E /* PlayerStateFactory.swift */ = {isa = PBXFileReference; lastKnownFileType = sourcecode.swift; path = PlayerStateFactory.swift; sourceTree = "<group>"; };
		0C8271722411EEEB00E5474B /* Constants.swift */ = {isa = PBXFileReference; lastKnownFileType = sourcecode.swift; path = Constants.swift; sourceTree = "<group>"; };
		0C83A756246179E50078CBB6 /* DataStore.swift */ = {isa = PBXFileReference; lastKnownFileType = sourcecode.swift; path = DataStore.swift; sourceTree = "<group>"; };
		0C83A75C24617F7C0078CBB6 /* PlaybackState.swift */ = {isa = PBXFileReference; lastKnownFileType = sourcecode.swift; path = PlaybackState.swift; sourceTree = "<group>"; };
		0C83A760246188F30078CBB6 /* ReducerType.swift */ = {isa = PBXFileReference; lastKnownFileType = sourcecode.swift; path = ReducerType.swift; sourceTree = "<group>"; };
		0C83A76624618A340078CBB6 /* PlayerViewReducer.swift */ = {isa = PBXFileReference; lastKnownFileType = sourcecode.swift; path = PlayerViewReducer.swift; sourceTree = "<group>"; };
		0C83A76824618CD80078CBB6 /* ServerListViewReducer.swift */ = {isa = PBXFileReference; lastKnownFileType = sourcecode.swift; path = ServerListViewReducer.swift; sourceTree = "<group>"; };
		0C83A76D24619BC50078CBB6 /* PlayerViewAction.swift */ = {isa = PBXFileReference; lastKnownFileType = sourcecode.swift; path = PlayerViewAction.swift; sourceTree = "<group>"; };
		0C83A7702461A1760078CBB6 /* PlayerStateProvider.swift */ = {isa = PBXFileReference; lastKnownFileType = sourcecode.swift; path = PlayerStateProvider.swift; sourceTree = "<group>"; };
		0C83A7722461A8EE0078CBB6 /* APIResult.swift */ = {isa = PBXFileReference; lastKnownFileType = sourcecode.swift; path = APIResult.swift; sourceTree = "<group>"; };
		0C83A7742461AA4D0078CBB6 /* PingResult.swift */ = {isa = PBXFileReference; lastKnownFileType = sourcecode.swift; path = PingResult.swift; sourceTree = "<group>"; };
		0C83A7772461AFBA0078CBB6 /* Composer.swift */ = {isa = PBXFileReference; lastKnownFileType = sourcecode.swift; path = Composer.swift; sourceTree = "<group>"; };
		0C83A7792461B1A90078CBB6 /* PlayerViewComposer.swift */ = {isa = PBXFileReference; lastKnownFileType = sourcecode.swift; path = PlayerViewComposer.swift; sourceTree = "<group>"; };
		0C83A77C2461B2110078CBB6 /* ActionType.swift */ = {isa = PBXFileReference; lastKnownFileType = sourcecode.swift; path = ActionType.swift; sourceTree = "<group>"; };
		0C83A77E2461B2830078CBB6 /* ComposerType.swift */ = {isa = PBXFileReference; lastKnownFileType = sourcecode.swift; path = ComposerType.swift; sourceTree = "<group>"; };
		0C83A7802461B2A10078CBB6 /* ModelType.swift */ = {isa = PBXFileReference; lastKnownFileType = sourcecode.swift; path = ModelType.swift; sourceTree = "<group>"; };
		0C83A7842461C35F0078CBB6 /* ServerListViewAction.swift */ = {isa = PBXFileReference; lastKnownFileType = sourcecode.swift; path = ServerListViewAction.swift; sourceTree = "<group>"; };
		0C83A7862461C51D0078CBB6 /* ServerListProvider.swift */ = {isa = PBXFileReference; lastKnownFileType = sourcecode.swift; path = ServerListProvider.swift; sourceTree = "<group>"; };
		0C83A7882461C9CA0078CBB6 /* ServerListViewComposer.swift */ = {isa = PBXFileReference; lastKnownFileType = sourcecode.swift; path = ServerListViewComposer.swift; sourceTree = "<group>"; };
		0C83A78A2461E6420078CBB6 /* UserSettings.swift */ = {isa = PBXFileReference; fileEncoding = 4; lastKnownFileType = sourcecode.swift; path = UserSettings.swift; sourceTree = "<group>"; };
		0C8D910F241844CF00439554 /* IPv4Tests.swift */ = {isa = PBXFileReference; fileEncoding = 4; lastKnownFileType = sourcecode.swift; path = IPv4Tests.swift; sourceTree = "<group>"; };
		0C8D91112418452F00439554 /* IPv4.swift */ = {isa = PBXFileReference; fileEncoding = 4; lastKnownFileType = sourcecode.swift; path = IPv4.swift; sourceTree = "<group>"; };
		0CA7AFC7245B1597007842A5 /* View+ScreenWidth.swift */ = {isa = PBXFileReference; lastKnownFileType = sourcecode.swift; path = "View+ScreenWidth.swift"; sourceTree = "<group>"; };
		0CA8AB3C245F26A8005E15F4 /* ServerView.swift */ = {isa = PBXFileReference; lastKnownFileType = sourcecode.swift; path = ServerView.swift; sourceTree = "<group>"; };
		0CA8AB3E245F349C005E15F4 /* PreviewStyle.swift */ = {isa = PBXFileReference; lastKnownFileType = sourcecode.swift; path = PreviewStyle.swift; sourceTree = "<group>"; };
		0CB0F9AA245838D300C31A04 /* TextFormatter.swift */ = {isa = PBXFileReference; lastKnownFileType = sourcecode.swift; path = TextFormatter.swift; sourceTree = "<group>"; };
		0CB4389C245F74D3001A7638 /* ServerListView.swift */ = {isa = PBXFileReference; lastKnownFileType = sourcecode.swift; path = ServerListView.swift; sourceTree = "<group>"; };
		0CB4389E245F78A1001A7638 /* Bundle+Convenience.swift */ = {isa = PBXFileReference; lastKnownFileType = sourcecode.swift; path = "Bundle+Convenience.swift"; sourceTree = "<group>"; };
		0CBB87322462F07100BAF7C6 /* Core.swift */ = {isa = PBXFileReference; lastKnownFileType = sourcecode.swift; path = Core.swift; sourceTree = "<group>"; };
		0CBB87362462FB1C00BAF7C6 /* OperationProvider.swift */ = {isa = PBXFileReference; lastKnownFileType = sourcecode.swift; path = OperationProvider.swift; sourceTree = "<group>"; };
		0CD0EA582408973100DE10E5 /* MPCRemote.app */ = {isa = PBXFileReference; explicitFileType = wrapper.application; includeInIndex = 0; path = MPCRemote.app; sourceTree = BUILT_PRODUCTS_DIR; };
		0CD0EA5B2408973100DE10E5 /* AppDelegate.swift */ = {isa = PBXFileReference; lastKnownFileType = sourcecode.swift; path = AppDelegate.swift; sourceTree = "<group>"; };
		0CD0EA5D2408973100DE10E5 /* SceneDelegate.swift */ = {isa = PBXFileReference; lastKnownFileType = sourcecode.swift; path = SceneDelegate.swift; sourceTree = "<group>"; };
		0CD0EA642408973100DE10E5 /* Assets.xcassets */ = {isa = PBXFileReference; lastKnownFileType = folder.assetcatalog; path = Assets.xcassets; sourceTree = "<group>"; };
		0CD0EA672408973100DE10E5 /* Base */ = {isa = PBXFileReference; lastKnownFileType = file.storyboard; name = Base; path = Base.lproj/LaunchScreen.storyboard; sourceTree = "<group>"; };
		0CD0EA692408973100DE10E5 /* Info.plist */ = {isa = PBXFileReference; lastKnownFileType = text.plist.xml; path = Info.plist; sourceTree = "<group>"; };
		0CD0EA6E2408973100DE10E5 /* MPCRemoteTests.xctest */ = {isa = PBXFileReference; explicitFileType = wrapper.cfbundle; includeInIndex = 0; path = MPCRemoteTests.xctest; sourceTree = BUILT_PRODUCTS_DIR; };
		0CD0EA742408973100DE10E5 /* Info.plist */ = {isa = PBXFileReference; lastKnownFileType = text.plist.xml; path = Info.plist; sourceTree = "<group>"; };
		0CE231E324573C710068820C /* PlayerViewModel.swift */ = {isa = PBXFileReference; lastKnownFileType = sourcecode.swift; path = PlayerViewModel.swift; sourceTree = "<group>"; };
		0CE231E72457AE9C0068820C /* SliderView.swift */ = {isa = PBXFileReference; lastKnownFileType = sourcecode.swift; path = SliderView.swift; sourceTree = "<group>"; };
		0CF31E17244CBD700078F414 /* MPCRemote.entitlements */ = {isa = PBXFileReference; lastKnownFileType = text.plist.entitlements; path = MPCRemote.entitlements; sourceTree = "<group>"; };
		0CFAC4CB2410A0C900EF83E1 /* PlayerState.swift */ = {isa = PBXFileReference; fileEncoding = 4; lastKnownFileType = sourcecode.swift; path = PlayerState.swift; sourceTree = "<group>"; };
		0F8E237D84CA8F64B517A74F /* libPods-MPCRemoteTests.a */ = {isa = PBXFileReference; explicitFileType = archive.ar; includeInIndex = 0; path = "libPods-MPCRemoteTests.a"; sourceTree = BUILT_PRODUCTS_DIR; };
		17197D0CED7CA9FAFADE9318 /* Pods-MPCRemoteTests.debug.xcconfig */ = {isa = PBXFileReference; includeInIndex = 1; lastKnownFileType = text.xcconfig; name = "Pods-MPCRemoteTests.debug.xcconfig"; path = "Target Support Files/Pods-MPCRemoteTests/Pods-MPCRemoteTests.debug.xcconfig"; sourceTree = "<group>"; };
		60DB67B32CC759A164C73B81 /* Pods-MPCRemoteTests.release.xcconfig */ = {isa = PBXFileReference; includeInIndex = 1; lastKnownFileType = text.xcconfig; name = "Pods-MPCRemoteTests.release.xcconfig"; path = "Target Support Files/Pods-MPCRemoteTests/Pods-MPCRemoteTests.release.xcconfig"; sourceTree = "<group>"; };
		9A39C415E62E14B34DCF0826 /* Pods-MPCRemote.release.xcconfig */ = {isa = PBXFileReference; includeInIndex = 1; lastKnownFileType = text.xcconfig; name = "Pods-MPCRemote.release.xcconfig"; path = "Target Support Files/Pods-MPCRemote/Pods-MPCRemote.release.xcconfig"; sourceTree = "<group>"; };
		E1A90B73EB470EB98F0EED69 /* libPods-MPCRemote.a */ = {isa = PBXFileReference; explicitFileType = archive.ar; includeInIndex = 0; path = "libPods-MPCRemote.a"; sourceTree = BUILT_PRODUCTS_DIR; };
/* End PBXFileReference section */

/* Begin PBXFrameworksBuildPhase section */
		0CD0EA552408973100DE10E5 /* Frameworks */ = {
			isa = PBXFrameworksBuildPhase;
			buildActionMask = 2147483647;
			files = (
				F1CDBB008BD9848EE0F83594 /* libPods-MPCRemote.a in Frameworks */,
			);
			runOnlyForDeploymentPostprocessing = 0;
		};
		0CD0EA6B2408973100DE10E5 /* Frameworks */ = {
			isa = PBXFrameworksBuildPhase;
			buildActionMask = 2147483647;
			files = (
				ABB7103A3758090544BECD14 /* libPods-MPCRemoteTests.a in Frameworks */,
			);
			runOnlyForDeploymentPostprocessing = 0;
		};
/* End PBXFrameworksBuildPhase section */

/* Begin PBXGroup section */
		0C18D5EA241719240035C3A5 /* Settings */ = {
			isa = PBXGroup;
			children = (
				0C18D5EB241719470035C3A5 /* SettingsService.swift */,
				0C48B3E224266FC500EEFE98 /* UserDefault.swift */,
				0C83A78A2461E6420078CBB6 /* UserSettings.swift */,
			);
			path = Settings;
			sourceTree = "<group>";
		};
		0C30E24E240DD528001C1EC9 /* Dependencies */ = {
			isa = PBXGroup;
			children = (
				0C30E252240DD5A1001C1EC9 /* SimplePing.h */,
				0C30E250240DD5A1001C1EC9 /* SimplePing.m */,
			);
			path = Dependencies;
			sourceTree = "<group>";
		};
		0C329E222460926200974713 /* Data */ = {
			isa = PBXGroup;
			children = (
				0C83A77B2461B1CB0078CBB6 /* Types */,
				0C83A762246189BC0078CBB6 /* PlayerState */,
				0C83A763246189CD0078CBB6 /* Server */,
				0C4DC97F2466C89D00BD8F83 /* SliderState */,
			);
			path = Data;
			sourceTree = "<group>";
		};
		0C4AF231240B34970057AC86 /* Network */ = {
			isa = PBXGroup;
			children = (
				0C4AF236240B35BF0057AC86 /* NetworkService.swift */,
				0C30E24A240DD3BA001C1EC9 /* Connectivity.swift */,
				0CBB87362462FB1C00BAF7C6 /* OperationProvider.swift */,
				0C4AF239240B3B5B0057AC86 /* Ping.swift */,
				0C48B3EA2426BEDF00EEFE98 /* PingError.swift */,
				0C83A7742461AA4D0078CBB6 /* PingResult.swift */,
				0C48B3E424267EC200EEFE98 /* Validation.swift */,
			);
			path = Network;
			sourceTree = "<group>";
		};
		0C4AF23B240B58ED0057AC86 /* Utility */ = {
			isa = PBXGroup;
			children = (
				0C17862E2469B93C001B3D4C /* Array+UpdateOrAppend.swift */,
				0C30E248240DD390001C1EC9 /* AsynchroneousOperation.swift */,
				0CB4389E245F78A1001A7638 /* Bundle+Convenience.swift */,
				0C18D5E6241713390035C3A5 /* Comparable+Clamped.swift */,
				0C8D91112418452F00439554 /* IPv4.swift */,
				0C4AF23C240B59040057AC86 /* Logger.swift */,
				0C4AF23E240B71DF0057AC86 /* LogEnums.swift */,
				0CA8AB3E245F349C005E15F4 /* PreviewStyle.swift */,
				0CB0F9AA245838D300C31A04 /* TextFormatter.swift */,
				0CA7AFC7245B1597007842A5 /* View+ScreenWidth.swift */,
			);
			path = Utility;
			sourceTree = "<group>";
		};
		0C4DC970246632F900BD8F83 /* SliderView */ = {
			isa = PBXGroup;
			children = (
				0CE231E72457AE9C0068820C /* SliderView.swift */,
				0C4DC9712466333300BD8F83 /* SliderViewModel.swift */,
				0C4DC97924663C0600BD8F83 /* SliderViewAction.swift */,
				0C56228D2466E837002932EB /* SeekSliderViewAction.swift */,
				0C56228F2466E85E002932EB /* VolumeSliderViewAction.swift */,
				0C4DC97A24663C0600BD8F83 /* SliderViewComposer.swift */,
				0C4DC97B24663C0600BD8F83 /* SliderViewReducer.swift */,
			);
			path = SliderView;
			sourceTree = "<group>";
		};
		0C4DC97F2466C89D00BD8F83 /* SliderState */ = {
			isa = PBXGroup;
			children = (
				0C4DC9802466C8C300BD8F83 /* SliderState.swift */,
			);
			path = SliderState;
			sourceTree = "<group>";
		};
		0C83A762246189BC0078CBB6 /* PlayerState */ = {
			isa = PBXGroup;
			children = (
				0C83A75C24617F7C0078CBB6 /* PlaybackState.swift */,
				0CFAC4CB2410A0C900EF83E1 /* PlayerState.swift */,
				0C78C3342455BED500589C3E /* PlayerStateFactory.swift */,
				0C83A7702461A1760078CBB6 /* PlayerStateProvider.swift */,
			);
			path = PlayerState;
			sourceTree = "<group>";
		};
		0C83A763246189CD0078CBB6 /* Server */ = {
			isa = PBXGroup;
			children = (
				0C4FA77F2416B0A300F71F9E /* Server.swift */,
				0C5622912466F5CD002932EB /* ServerState.swift */,
				0C17862C2469B747001B3D4C /* ServerListItem.swift */,
				0C4A3E3B246B0094003199CE /* ServerListItem+Server.swift */,
				0C83A7862461C51D0078CBB6 /* ServerListProvider.swift */,
			);
			path = Server;
			sourceTree = "<group>";
		};
		0C83A76A246199EA0078CBB6 /* PlayerView */ = {
			isa = PBXGroup;
			children = (
				0C3A1E0B244DAD630030AF17 /* PlayerView.swift */,
				0CE231E324573C710068820C /* PlayerViewModel.swift */,
				0C83A76D24619BC50078CBB6 /* PlayerViewAction.swift */,
				0C83A7792461B1A90078CBB6 /* PlayerViewComposer.swift */,
				0C83A76624618A340078CBB6 /* PlayerViewReducer.swift */,
			);
			path = PlayerView;
			sourceTree = "<group>";
		};
		0C83A76B246199FB0078CBB6 /* ServerListView */ = {
			isa = PBXGroup;
			children = (
				0CB4389C245F74D3001A7638 /* ServerListView.swift */,
				0C329E1E246067D100974713 /* ServerListViewModel.swift */,
				0C83A7842461C35F0078CBB6 /* ServerListViewAction.swift */,
				0C83A7882461C9CA0078CBB6 /* ServerListViewComposer.swift */,
				0C83A76824618CD80078CBB6 /* ServerListViewReducer.swift */,
			);
			path = ServerListView;
			sourceTree = "<group>";
		};
		0C83A76F24619D380078CBB6 /* Components */ = {
			isa = PBXGroup;
			children = (
				0C4DC970246632F900BD8F83 /* SliderView */,
				0C6773DB24547BA700FFD6DE /* PlayerButton.swift */,
				0CA8AB3C245F26A8005E15F4 /* ServerView.swift */,
			);
			path = Components;
			sourceTree = "<group>";
		};
		0C83A7762461AF690078CBB6 /* Core */ = {
			isa = PBXGroup;
			children = (
				0CD0EA5B2408973100DE10E5 /* AppDelegate.swift */,
				0CBB87322462F07100BAF7C6 /* Core.swift */,
				0C83A7772461AFBA0078CBB6 /* Composer.swift */,
				0C83A756246179E50078CBB6 /* DataStore.swift */,
				0C329E2024608BDB00974713 /* Resolver.swift */,
				0CD0EA5D2408973100DE10E5 /* SceneDelegate.swift */,
				0CD0EA662408973100DE10E5 /* LaunchScreen.storyboard */,
			);
			path = Core;
			sourceTree = "<group>";
		};
		0C83A77B2461B1CB0078CBB6 /* Types */ = {
			isa = PBXGroup;
			children = (
				0C83A77C2461B2110078CBB6 /* ActionType.swift */,
				0C83A77E2461B2830078CBB6 /* ComposerType.swift */,
				0C83A7802461B2A10078CBB6 /* ModelType.swift */,
				0C83A760246188F30078CBB6 /* ReducerType.swift */,
			);
			path = Types;
			sourceTree = "<group>";
		};
		0CD0EA4F2408973100DE10E5 = {
			isa = PBXGroup;
			children = (
				0CD0EA5A2408973100DE10E5 /* MPCRemote */,
				0CD0EA712408973100DE10E5 /* MPCRemoteTests */,
				0CD0EA592408973100DE10E5 /* Products */,
				B292F8FB8811D1E145EF0B78 /* Pods */,
				FAE8E01BE4E9C15D8623F464 /* Frameworks */,
			);
			sourceTree = "<group>";
		};
		0CD0EA592408973100DE10E5 /* Products */ = {
			isa = PBXGroup;
			children = (
				0CD0EA582408973100DE10E5 /* MPCRemote.app */,
				0CD0EA6E2408973100DE10E5 /* MPCRemoteTests.xctest */,
			);
			name = Products;
			sourceTree = "<group>";
		};
		0CD0EA5A2408973100DE10E5 /* MPCRemote */ = {
			isa = PBXGroup;
			children = (
				0C30E24E240DD528001C1EC9 /* Dependencies */,
				0C83A7762461AF690078CBB6 /* Core */,
				0CFAC4C82410A03200EF83E1 /* API */,
				0C4AF231240B34970057AC86 /* Network */,
				0C18D5EA241719240035C3A5 /* Settings */,
				0C329E222460926200974713 /* Data */,
				0CF31E18244CBE650078F414 /* UI */,
				0C4AF23B240B58ED0057AC86 /* Utility */,
				0C4AF232240B35020057AC86 /* MPCRemote-Bridging-Header.h */,
				0CF31E17244CBD700078F414 /* MPCRemote.entitlements */,
				0CD0EA642408973100DE10E5 /* Assets.xcassets */,
				0CD0EA692408973100DE10E5 /* Info.plist */,
			);
			path = MPCRemote;
			sourceTree = "<group>";
		};
		0CD0EA712408973100DE10E5 /* MPCRemoteTests */ = {
			isa = PBXGroup;
			children = (
				0C1786302469C8DB001B3D4C /* ArrayTests.swift */,
				0C8D910F241844CF00439554 /* IPv4Tests.swift */,
				0CD0EA742408973100DE10E5 /* Info.plist */,
			);
			path = MPCRemoteTests;
			sourceTree = "<group>";
		};
		0CF31E18244CBE650078F414 /* UI */ = {
			isa = PBXGroup;
			children = (
				0C83A76A246199EA0078CBB6 /* PlayerView */,
				0C83A76B246199FB0078CBB6 /* ServerListView */,
				0C83A76F24619D380078CBB6 /* Components */,
				0C6773DF2454D71F00FFD6DE /* Colors.swift */,
				0C6773E12454DDE200FFD6DE /* Gradients.swift */,
			);
			path = UI;
			sourceTree = "<group>";
		};
		0CFAC4C82410A03200EF83E1 /* API */ = {
			isa = PBXGroup;
			children = (
				0C48B3E82426938C00EEFE98 /* APIService.swift */,
				0C48B3E6242691D800EEFE98 /* APIError.swift */,
				0C520B172455CE0700FB3D14 /* APIState.swift */,
				0C83A7722461A8EE0078CBB6 /* APIResult.swift */,
				0C8271722411EEEB00E5474B /* Constants.swift */,
				0C18D5E8241714C80035C3A5 /* HTTPParametersFactory.swift */,
				0C18D5E42416D31B0035C3A5 /* URLFactory.swift */,
			);
			path = API;
			sourceTree = "<group>";
		};
		B292F8FB8811D1E145EF0B78 /* Pods */ = {
			isa = PBXGroup;
			children = (
				0115685AAFD50309556E0E25 /* Pods-MPCRemote.debug.xcconfig */,
				9A39C415E62E14B34DCF0826 /* Pods-MPCRemote.release.xcconfig */,
				17197D0CED7CA9FAFADE9318 /* Pods-MPCRemoteTests.debug.xcconfig */,
				60DB67B32CC759A164C73B81 /* Pods-MPCRemoteTests.release.xcconfig */,
			);
			path = Pods;
			sourceTree = "<group>";
		};
		FAE8E01BE4E9C15D8623F464 /* Frameworks */ = {
			isa = PBXGroup;
			children = (
				E1A90B73EB470EB98F0EED69 /* libPods-MPCRemote.a */,
				0F8E237D84CA8F64B517A74F /* libPods-MPCRemoteTests.a */,
			);
			name = Frameworks;
			sourceTree = "<group>";
		};
/* End PBXGroup section */

/* Begin PBXNativeTarget section */
		0CD0EA572408973100DE10E5 /* MPCRemote */ = {
			isa = PBXNativeTarget;
			buildConfigurationList = 0CD0EA822408973200DE10E5 /* Build configuration list for PBXNativeTarget "MPCRemote" */;
			buildPhases = (
				FB37D206BAF2040A3D92B10D /* [CP] Check Pods Manifest.lock */,
				0CD897E724089ED100E350FB /* SwiftLint */,
				0CD0EA542408973100DE10E5 /* Sources */,
				0CD0EA552408973100DE10E5 /* Frameworks */,
				0CD0EA562408973100DE10E5 /* Resources */,
			);
			buildRules = (
			);
			dependencies = (
			);
			name = MPCRemote;
			productName = MPCRemote;
			productReference = 0CD0EA582408973100DE10E5 /* MPCRemote.app */;
			productType = "com.apple.product-type.application";
		};
		0CD0EA6D2408973100DE10E5 /* MPCRemoteTests */ = {
			isa = PBXNativeTarget;
			buildConfigurationList = 0CD0EA852408973200DE10E5 /* Build configuration list for PBXNativeTarget "MPCRemoteTests" */;
			buildPhases = (
				48AEAF9822E8E16D40A9CDF2 /* [CP] Check Pods Manifest.lock */,
				0CD0EA6A2408973100DE10E5 /* Sources */,
				0CD0EA6B2408973100DE10E5 /* Frameworks */,
				0CD0EA6C2408973100DE10E5 /* Resources */,
			);
			buildRules = (
			);
			dependencies = (
				0CD0EA702408973100DE10E5 /* PBXTargetDependency */,
			);
			name = MPCRemoteTests;
			productName = MPCRemoteTests;
			productReference = 0CD0EA6E2408973100DE10E5 /* MPCRemoteTests.xctest */;
			productType = "com.apple.product-type.bundle.unit-test";
		};
/* End PBXNativeTarget section */

/* Begin PBXProject section */
		0CD0EA502408973100DE10E5 /* Project object */ = {
			isa = PBXProject;
			attributes = {
				LastSwiftUpdateCheck = 1130;
				LastUpgradeCheck = 1130;
				ORGANIZATIONNAME = doroshenko;
				TargetAttributes = {
					0CD0EA572408973100DE10E5 = {
						CreatedOnToolsVersion = 11.3.1;
						LastSwiftMigration = 1130;
					};
					0CD0EA6D2408973100DE10E5 = {
						CreatedOnToolsVersion = 11.3.1;
						TestTargetID = 0CD0EA572408973100DE10E5;
					};
				};
			};
			buildConfigurationList = 0CD0EA532408973100DE10E5 /* Build configuration list for PBXProject "MPCRemote" */;
			compatibilityVersion = "Xcode 9.3";
			developmentRegion = en;
			hasScannedForEncodings = 0;
			knownRegions = (
				en,
				Base,
			);
			mainGroup = 0CD0EA4F2408973100DE10E5;
			productRefGroup = 0CD0EA592408973100DE10E5 /* Products */;
			projectDirPath = "";
			projectRoot = "";
			targets = (
				0CD0EA572408973100DE10E5 /* MPCRemote */,
				0CD0EA6D2408973100DE10E5 /* MPCRemoteTests */,
			);
		};
/* End PBXProject section */

/* Begin PBXResourcesBuildPhase section */
		0CD0EA562408973100DE10E5 /* Resources */ = {
			isa = PBXResourcesBuildPhase;
			buildActionMask = 2147483647;
			files = (
				0CD0EA682408973100DE10E5 /* LaunchScreen.storyboard in Resources */,
				0CD0EA652408973100DE10E5 /* Assets.xcassets in Resources */,
			);
			runOnlyForDeploymentPostprocessing = 0;
		};
		0CD0EA6C2408973100DE10E5 /* Resources */ = {
			isa = PBXResourcesBuildPhase;
			buildActionMask = 2147483647;
			files = (
			);
			runOnlyForDeploymentPostprocessing = 0;
		};
/* End PBXResourcesBuildPhase section */

/* Begin PBXShellScriptBuildPhase section */
		0CD897E724089ED100E350FB /* SwiftLint */ = {
			isa = PBXShellScriptBuildPhase;
			buildActionMask = 2147483647;
			files = (
			);
			inputFileListPaths = (
			);
			inputPaths = (
			);
			name = SwiftLint;
			outputFileListPaths = (
			);
			outputPaths = (
			);
			runOnlyForDeploymentPostprocessing = 0;
			shellPath = /bin/sh;
			shellScript = "\"$SRCROOT/Scripts/swiftlint.sh\" -s -a\n";
		};
		48AEAF9822E8E16D40A9CDF2 /* [CP] Check Pods Manifest.lock */ = {
			isa = PBXShellScriptBuildPhase;
			buildActionMask = 2147483647;
			files = (
			);
			inputFileListPaths = (
			);
			inputPaths = (
				"${PODS_PODFILE_DIR_PATH}/Podfile.lock",
				"${PODS_ROOT}/Manifest.lock",
			);
			name = "[CP] Check Pods Manifest.lock";
			outputFileListPaths = (
			);
			outputPaths = (
				"$(DERIVED_FILE_DIR)/Pods-MPCRemoteTests-checkManifestLockResult.txt",
			);
			runOnlyForDeploymentPostprocessing = 0;
			shellPath = /bin/sh;
			shellScript = "diff \"${PODS_PODFILE_DIR_PATH}/Podfile.lock\" \"${PODS_ROOT}/Manifest.lock\" > /dev/null\nif [ $? != 0 ] ; then\n    # print error to STDERR\n    echo \"error: The sandbox is not in sync with the Podfile.lock. Run 'pod install' or update your CocoaPods installation.\" >&2\n    exit 1\nfi\n# This output is used by Xcode 'outputs' to avoid re-running this script phase.\necho \"SUCCESS\" > \"${SCRIPT_OUTPUT_FILE_0}\"\n";
			showEnvVarsInLog = 0;
		};
		FB37D206BAF2040A3D92B10D /* [CP] Check Pods Manifest.lock */ = {
			isa = PBXShellScriptBuildPhase;
			buildActionMask = 2147483647;
			files = (
			);
			inputFileListPaths = (
			);
			inputPaths = (
				"${PODS_PODFILE_DIR_PATH}/Podfile.lock",
				"${PODS_ROOT}/Manifest.lock",
			);
			name = "[CP] Check Pods Manifest.lock";
			outputFileListPaths = (
			);
			outputPaths = (
				"$(DERIVED_FILE_DIR)/Pods-MPCRemote-checkManifestLockResult.txt",
			);
			runOnlyForDeploymentPostprocessing = 0;
			shellPath = /bin/sh;
			shellScript = "diff \"${PODS_PODFILE_DIR_PATH}/Podfile.lock\" \"${PODS_ROOT}/Manifest.lock\" > /dev/null\nif [ $? != 0 ] ; then\n    # print error to STDERR\n    echo \"error: The sandbox is not in sync with the Podfile.lock. Run 'pod install' or update your CocoaPods installation.\" >&2\n    exit 1\nfi\n# This output is used by Xcode 'outputs' to avoid re-running this script phase.\necho \"SUCCESS\" > \"${SCRIPT_OUTPUT_FILE_0}\"\n";
			showEnvVarsInLog = 0;
		};
/* End PBXShellScriptBuildPhase section */

/* Begin PBXSourcesBuildPhase section */
		0CD0EA542408973100DE10E5 /* Sources */ = {
			isa = PBXSourcesBuildPhase;
			buildActionMask = 2147483647;
			files = (
				0CB4389F245F78A1001A7638 /* Bundle+Convenience.swift in Sources */,
				0C83A757246179E50078CBB6 /* DataStore.swift in Sources */,
				0C83A76724618A340078CBB6 /* PlayerViewReducer.swift in Sources */,
				0C83A7872461C51D0078CBB6 /* ServerListProvider.swift in Sources */,
				0C17862F2469B93C001B3D4C /* Array+UpdateOrAppend.swift in Sources */,
				0C83A7732461A8EE0078CBB6 /* APIResult.swift in Sources */,
				0C4DC97D24663C0600BD8F83 /* SliderViewComposer.swift in Sources */,
				0CD0EA5C2408973100DE10E5 /* AppDelegate.swift in Sources */,
				0C329E2124608BDB00974713 /* Resolver.swift in Sources */,
				0C4DC9722466333300BD8F83 /* SliderViewModel.swift in Sources */,
				0CA7AFC8245B1597007842A5 /* View+ScreenWidth.swift in Sources */,
				0C48B3E524267EC200EEFE98 /* Validation.swift in Sources */,
				0C83A76924618CD80078CBB6 /* ServerListViewReducer.swift in Sources */,
				0C3A1E0C244DAD630030AF17 /* PlayerView.swift in Sources */,
				0C4A3E3C246B0094003199CE /* ServerListItem+Server.swift in Sources */,
				0C4AF237240B35BF0057AC86 /* NetworkService.swift in Sources */,
				0C83A78B2461E6420078CBB6 /* UserSettings.swift in Sources */,
				0C4AF23F240B71DF0057AC86 /* LogEnums.swift in Sources */,
				0C4DC97E24663C0600BD8F83 /* SliderViewReducer.swift in Sources */,
				0C78C3352455BED500589C3E /* PlayerStateFactory.swift in Sources */,
				0C83A75D24617F7C0078CBB6 /* PlaybackState.swift in Sources */,
				0C30E249240DD390001C1EC9 /* AsynchroneousOperation.swift in Sources */,
				0C83A77A2461B1A90078CBB6 /* PlayerViewComposer.swift in Sources */,
				0C4DC9812466C8C300BD8F83 /* SliderState.swift in Sources */,
				0CE231E82457AE9C0068820C /* SliderView.swift in Sources */,
				0C18D5EC241719470035C3A5 /* SettingsService.swift in Sources */,
				0C83A7852461C35F0078CBB6 /* ServerListViewAction.swift in Sources */,
				0C5622902466E85E002932EB /* VolumeSliderViewAction.swift in Sources */,
				0C56228E2466E837002932EB /* SeekSliderViewAction.swift in Sources */,
				0CA8AB3D245F26A8005E15F4 /* ServerView.swift in Sources */,
				0C5622922466F5CD002932EB /* ServerState.swift in Sources */,
				0C6773DC24547BA700FFD6DE /* PlayerButton.swift in Sources */,
				0C4AF23A240B3B5B0057AC86 /* Ping.swift in Sources */,
				0C18D5E9241714C80035C3A5 /* HTTPParametersFactory.swift in Sources */,
				0C6773E22454DDE200FFD6DE /* Gradients.swift in Sources */,
				0CBB87372462FB1C00BAF7C6 /* OperationProvider.swift in Sources */,
				0C48B3E324266FC500EEFE98 /* UserDefault.swift in Sources */,
				0C329E1F246067D100974713 /* ServerListViewModel.swift in Sources */,
				0C8D91122418452F00439554 /* IPv4.swift in Sources */,
				0CA8AB3F245F349C005E15F4 /* PreviewStyle.swift in Sources */,
				0C48B3E7242691D800EEFE98 /* APIError.swift in Sources */,
				0C83A761246188F30078CBB6 /* ReducerType.swift in Sources */,
				0C83A7812461B2A10078CBB6 /* ModelType.swift in Sources */,
				0CB0F9AB245838D300C31A04 /* TextFormatter.swift in Sources */,
				0C4AF23D240B59040057AC86 /* Logger.swift in Sources */,
				0C4DC97C24663C0600BD8F83 /* SliderViewAction.swift in Sources */,
				0C30E24B240DD3BA001C1EC9 /* Connectivity.swift in Sources */,
				0C83A7712461A1760078CBB6 /* PlayerStateProvider.swift in Sources */,
				0C4FA7802416B0A300F71F9E /* Server.swift in Sources */,
				0CFAC4CC2410A0C900EF83E1 /* PlayerState.swift in Sources */,
				0C18D5E7241713390035C3A5 /* Comparable+Clamped.swift in Sources */,
				0CB4389D245F74D3001A7638 /* ServerListView.swift in Sources */,
				0CE231E424573C710068820C /* PlayerViewModel.swift in Sources */,
				0CBB87332462F07100BAF7C6 /* Core.swift in Sources */,
				0C48B3EB2426BEDF00EEFE98 /* PingError.swift in Sources */,
				0C83A77F2461B2830078CBB6 /* ComposerType.swift in Sources */,
				0C48B3E92426938C00EEFE98 /* APIService.swift in Sources */,
				0C83A7752461AA4D0078CBB6 /* PingResult.swift in Sources */,
				0C83A77D2461B2110078CBB6 /* ActionType.swift in Sources */,
				0C520B182455CE0700FB3D14 /* APIState.swift in Sources */,
				0C83A7892461C9CA0078CBB6 /* ServerListViewComposer.swift in Sources */,
				0C17862D2469B747001B3D4C /* ServerListItem.swift in Sources */,
				0C6773E02454D71F00FFD6DE /* Colors.swift in Sources */,
				0C8271732411EEEB00E5474B /* Constants.swift in Sources */,
				0C83A7782461AFBA0078CBB6 /* Composer.swift in Sources */,
				0CD0EA5E2408973100DE10E5 /* SceneDelegate.swift in Sources */,
				0C83A76E24619BC50078CBB6 /* PlayerViewAction.swift in Sources */,
				0C18D5E52416D31B0035C3A5 /* URLFactory.swift in Sources */,
				0C30E254240DD5A1001C1EC9 /* SimplePing.m in Sources */,
			);
			runOnlyForDeploymentPostprocessing = 0;
		};
		0CD0EA6A2408973100DE10E5 /* Sources */ = {
			isa = PBXSourcesBuildPhase;
			buildActionMask = 2147483647;
			files = (
				0C8D9110241844CF00439554 /* IPv4Tests.swift in Sources */,
				0C1786312469C8DB001B3D4C /* ArrayTests.swift in Sources */,
			);
			runOnlyForDeploymentPostprocessing = 0;
		};
/* End PBXSourcesBuildPhase section */

/* Begin PBXTargetDependency section */
		0CD0EA702408973100DE10E5 /* PBXTargetDependency */ = {
			isa = PBXTargetDependency;
			target = 0CD0EA572408973100DE10E5 /* MPCRemote */;
			targetProxy = 0CD0EA6F2408973100DE10E5 /* PBXContainerItemProxy */;
		};
/* End PBXTargetDependency section */

/* Begin PBXVariantGroup section */
		0CD0EA662408973100DE10E5 /* LaunchScreen.storyboard */ = {
			isa = PBXVariantGroup;
			children = (
				0CD0EA672408973100DE10E5 /* Base */,
			);
			name = LaunchScreen.storyboard;
			sourceTree = "<group>";
		};
/* End PBXVariantGroup section */

/* Begin XCBuildConfiguration section */
		0CD0EA802408973200DE10E5 /* Debug */ = {
			isa = XCBuildConfiguration;
			buildSettings = {
				ALWAYS_SEARCH_USER_PATHS = NO;
				CLANG_ANALYZER_NONNULL = YES;
				CLANG_ANALYZER_NUMBER_OBJECT_CONVERSION = YES_AGGRESSIVE;
				CLANG_CXX_LANGUAGE_STANDARD = "gnu++14";
				CLANG_CXX_LIBRARY = "libc++";
				CLANG_ENABLE_MODULES = YES;
				CLANG_ENABLE_OBJC_ARC = YES;
				CLANG_ENABLE_OBJC_WEAK = YES;
				CLANG_WARN_BLOCK_CAPTURE_AUTORELEASING = YES;
				CLANG_WARN_BOOL_CONVERSION = YES;
				CLANG_WARN_COMMA = YES;
				CLANG_WARN_CONSTANT_CONVERSION = YES;
				CLANG_WARN_DEPRECATED_OBJC_IMPLEMENTATIONS = YES;
				CLANG_WARN_DIRECT_OBJC_ISA_USAGE = YES_ERROR;
				CLANG_WARN_DOCUMENTATION_COMMENTS = YES;
				CLANG_WARN_EMPTY_BODY = YES;
				CLANG_WARN_ENUM_CONVERSION = YES;
				CLANG_WARN_INFINITE_RECURSION = YES;
				CLANG_WARN_INT_CONVERSION = YES;
				CLANG_WARN_NON_LITERAL_NULL_CONVERSION = YES;
				CLANG_WARN_OBJC_IMPLICIT_RETAIN_SELF = YES;
				CLANG_WARN_OBJC_LITERAL_CONVERSION = YES;
				CLANG_WARN_OBJC_ROOT_CLASS = YES_ERROR;
				CLANG_WARN_RANGE_LOOP_ANALYSIS = YES;
				CLANG_WARN_STRICT_PROTOTYPES = YES;
				CLANG_WARN_SUSPICIOUS_MOVE = YES;
				CLANG_WARN_UNGUARDED_AVAILABILITY = YES_AGGRESSIVE;
				CLANG_WARN_UNREACHABLE_CODE = YES;
				CLANG_WARN__DUPLICATE_METHOD_MATCH = YES;
				COPY_PHASE_STRIP = NO;
				DEBUG_INFORMATION_FORMAT = dwarf;
				ENABLE_STRICT_OBJC_MSGSEND = YES;
				ENABLE_TESTABILITY = YES;
				GCC_C_LANGUAGE_STANDARD = gnu11;
				GCC_DYNAMIC_NO_PIC = NO;
				GCC_NO_COMMON_BLOCKS = YES;
				GCC_OPTIMIZATION_LEVEL = 0;
				GCC_PREPROCESSOR_DEFINITIONS = (
					"DEBUG=1",
					"$(inherited)",
				);
				GCC_WARN_64_TO_32_BIT_CONVERSION = YES;
				GCC_WARN_ABOUT_RETURN_TYPE = YES_ERROR;
				GCC_WARN_UNDECLARED_SELECTOR = YES;
				GCC_WARN_UNINITIALIZED_AUTOS = YES_AGGRESSIVE;
				GCC_WARN_UNUSED_FUNCTION = YES;
				GCC_WARN_UNUSED_VARIABLE = YES;
				IPHONEOS_DEPLOYMENT_TARGET = 13.0;
				MTL_ENABLE_DEBUG_INFO = INCLUDE_SOURCE;
				MTL_FAST_MATH = YES;
				ONLY_ACTIVE_ARCH = YES;
				SDKROOT = iphoneos;
				SWIFT_ACTIVE_COMPILATION_CONDITIONS = DEBUG;
				SWIFT_OPTIMIZATION_LEVEL = "-Onone";
			};
			name = Debug;
		};
		0CD0EA812408973200DE10E5 /* Release */ = {
			isa = XCBuildConfiguration;
			buildSettings = {
				ALWAYS_SEARCH_USER_PATHS = NO;
				CLANG_ANALYZER_NONNULL = YES;
				CLANG_ANALYZER_NUMBER_OBJECT_CONVERSION = YES_AGGRESSIVE;
				CLANG_CXX_LANGUAGE_STANDARD = "gnu++14";
				CLANG_CXX_LIBRARY = "libc++";
				CLANG_ENABLE_MODULES = YES;
				CLANG_ENABLE_OBJC_ARC = YES;
				CLANG_ENABLE_OBJC_WEAK = YES;
				CLANG_WARN_BLOCK_CAPTURE_AUTORELEASING = YES;
				CLANG_WARN_BOOL_CONVERSION = YES;
				CLANG_WARN_COMMA = YES;
				CLANG_WARN_CONSTANT_CONVERSION = YES;
				CLANG_WARN_DEPRECATED_OBJC_IMPLEMENTATIONS = YES;
				CLANG_WARN_DIRECT_OBJC_ISA_USAGE = YES_ERROR;
				CLANG_WARN_DOCUMENTATION_COMMENTS = YES;
				CLANG_WARN_EMPTY_BODY = YES;
				CLANG_WARN_ENUM_CONVERSION = YES;
				CLANG_WARN_INFINITE_RECURSION = YES;
				CLANG_WARN_INT_CONVERSION = YES;
				CLANG_WARN_NON_LITERAL_NULL_CONVERSION = YES;
				CLANG_WARN_OBJC_IMPLICIT_RETAIN_SELF = YES;
				CLANG_WARN_OBJC_LITERAL_CONVERSION = YES;
				CLANG_WARN_OBJC_ROOT_CLASS = YES_ERROR;
				CLANG_WARN_RANGE_LOOP_ANALYSIS = YES;
				CLANG_WARN_STRICT_PROTOTYPES = YES;
				CLANG_WARN_SUSPICIOUS_MOVE = YES;
				CLANG_WARN_UNGUARDED_AVAILABILITY = YES_AGGRESSIVE;
				CLANG_WARN_UNREACHABLE_CODE = YES;
				CLANG_WARN__DUPLICATE_METHOD_MATCH = YES;
				COPY_PHASE_STRIP = NO;
				DEBUG_INFORMATION_FORMAT = "dwarf-with-dsym";
				ENABLE_NS_ASSERTIONS = NO;
				ENABLE_STRICT_OBJC_MSGSEND = YES;
				GCC_C_LANGUAGE_STANDARD = gnu11;
				GCC_NO_COMMON_BLOCKS = YES;
				GCC_WARN_64_TO_32_BIT_CONVERSION = YES;
				GCC_WARN_ABOUT_RETURN_TYPE = YES_ERROR;
				GCC_WARN_UNDECLARED_SELECTOR = YES;
				GCC_WARN_UNINITIALIZED_AUTOS = YES_AGGRESSIVE;
				GCC_WARN_UNUSED_FUNCTION = YES;
				GCC_WARN_UNUSED_VARIABLE = YES;
				IPHONEOS_DEPLOYMENT_TARGET = 13.0;
				MTL_ENABLE_DEBUG_INFO = NO;
				MTL_FAST_MATH = YES;
				SDKROOT = iphoneos;
				SWIFT_COMPILATION_MODE = wholemodule;
				SWIFT_OPTIMIZATION_LEVEL = "-O";
				VALIDATE_PRODUCT = YES;
			};
			name = Release;
		};
		0CD0EA832408973200DE10E5 /* Debug */ = {
			isa = XCBuildConfiguration;
			baseConfigurationReference = 0115685AAFD50309556E0E25 /* Pods-MPCRemote.debug.xcconfig */;
			buildSettings = {
				ASSETCATALOG_COMPILER_APPICON_NAME = AppIcon;
				CLANG_ENABLE_MODULES = YES;
				CODE_SIGN_ENTITLEMENTS = MPCRemote/MPCRemote.entitlements;
				CODE_SIGN_STYLE = Automatic;
				DEVELOPMENT_TEAM = 2F77Z345GA;
				INFOPLIST_FILE = MPCRemote/Info.plist;
				IPHONEOS_DEPLOYMENT_TARGET = 13.0;
				LD_RUNPATH_SEARCH_PATHS = (
					"$(inherited)",
					"@executable_path/Frameworks",
				);
				PRODUCT_BUNDLE_IDENTIFIER = com.doroshenko.mpcremote;
				PRODUCT_NAME = "$(TARGET_NAME)";
				SUPPORTS_MACCATALYST = YES;
				SWIFT_OBJC_BRIDGING_HEADER = "MPCRemote/MPCRemote-Bridging-Header.h";
				SWIFT_OPTIMIZATION_LEVEL = "-Onone";
				SWIFT_VERSION = 5.0;
				TARGETED_DEVICE_FAMILY = "1,2";
			};
			name = Debug;
		};
		0CD0EA842408973200DE10E5 /* Release */ = {
			isa = XCBuildConfiguration;
			baseConfigurationReference = 9A39C415E62E14B34DCF0826 /* Pods-MPCRemote.release.xcconfig */;
			buildSettings = {
				ASSETCATALOG_COMPILER_APPICON_NAME = AppIcon;
				CLANG_ENABLE_MODULES = YES;
				CODE_SIGN_ENTITLEMENTS = MPCRemote/MPCRemote.entitlements;
				CODE_SIGN_STYLE = Automatic;
				DEVELOPMENT_TEAM = 2F77Z345GA;
				INFOPLIST_FILE = MPCRemote/Info.plist;
				IPHONEOS_DEPLOYMENT_TARGET = 13.0;
				LD_RUNPATH_SEARCH_PATHS = (
					"$(inherited)",
					"@executable_path/Frameworks",
				);
				PRODUCT_BUNDLE_IDENTIFIER = com.doroshenko.mpcremote;
				PRODUCT_NAME = "$(TARGET_NAME)";
				SUPPORTS_MACCATALYST = YES;
				SWIFT_OBJC_BRIDGING_HEADER = "MPCRemote/MPCRemote-Bridging-Header.h";
				SWIFT_VERSION = 5.0;
				TARGETED_DEVICE_FAMILY = "1,2";
			};
			name = Release;
		};
		0CD0EA862408973200DE10E5 /* Debug */ = {
			isa = XCBuildConfiguration;
			baseConfigurationReference = 17197D0CED7CA9FAFADE9318 /* Pods-MPCRemoteTests.debug.xcconfig */;
			buildSettings = {
				ALWAYS_EMBED_SWIFT_STANDARD_LIBRARIES = "$(inherited)";
				BUNDLE_LOADER = "$(TEST_HOST)";
				CODE_SIGN_STYLE = Automatic;
				DEVELOPMENT_TEAM = 2F77Z345GA;
				INFOPLIST_FILE = MPCRemoteTests/Info.plist;
				IPHONEOS_DEPLOYMENT_TARGET = 13.2;
				LD_RUNPATH_SEARCH_PATHS = (
					"$(inherited)",
					"@executable_path/Frameworks",
					"@loader_path/Frameworks",
				);
				PRODUCT_BUNDLE_IDENTIFIER = com.doroshenko.MPCRemoteTests;
				PRODUCT_NAME = "$(TARGET_NAME)";
				SWIFT_VERSION = 5.0;
				TARGETED_DEVICE_FAMILY = "1,2";
				TEST_HOST = "$(BUILT_PRODUCTS_DIR)/MPCRemote.app/MPCRemote";
			};
			name = Debug;
		};
		0CD0EA872408973200DE10E5 /* Release */ = {
			isa = XCBuildConfiguration;
			baseConfigurationReference = 60DB67B32CC759A164C73B81 /* Pods-MPCRemoteTests.release.xcconfig */;
			buildSettings = {
				ALWAYS_EMBED_SWIFT_STANDARD_LIBRARIES = "$(inherited)";
				BUNDLE_LOADER = "$(TEST_HOST)";
				CODE_SIGN_STYLE = Automatic;
				DEVELOPMENT_TEAM = 2F77Z345GA;
				INFOPLIST_FILE = MPCRemoteTests/Info.plist;
				IPHONEOS_DEPLOYMENT_TARGET = 13.2;
				LD_RUNPATH_SEARCH_PATHS = (
					"$(inherited)",
					"@executable_path/Frameworks",
					"@loader_path/Frameworks",
				);
				PRODUCT_BUNDLE_IDENTIFIER = com.doroshenko.MPCRemoteTests;
				PRODUCT_NAME = "$(TARGET_NAME)";
				SWIFT_VERSION = 5.0;
				TARGETED_DEVICE_FAMILY = "1,2";
				TEST_HOST = "$(BUILT_PRODUCTS_DIR)/MPCRemote.app/MPCRemote";
			};
			name = Release;
		};
/* End XCBuildConfiguration section */

/* Begin XCConfigurationList section */
		0CD0EA532408973100DE10E5 /* Build configuration list for PBXProject "MPCRemote" */ = {
			isa = XCConfigurationList;
			buildConfigurations = (
				0CD0EA802408973200DE10E5 /* Debug */,
				0CD0EA812408973200DE10E5 /* Release */,
			);
			defaultConfigurationIsVisible = 0;
			defaultConfigurationName = Release;
		};
		0CD0EA822408973200DE10E5 /* Build configuration list for PBXNativeTarget "MPCRemote" */ = {
			isa = XCConfigurationList;
			buildConfigurations = (
				0CD0EA832408973200DE10E5 /* Debug */,
				0CD0EA842408973200DE10E5 /* Release */,
			);
			defaultConfigurationIsVisible = 0;
			defaultConfigurationName = Release;
		};
		0CD0EA852408973200DE10E5 /* Build configuration list for PBXNativeTarget "MPCRemoteTests" */ = {
			isa = XCConfigurationList;
			buildConfigurations = (
				0CD0EA862408973200DE10E5 /* Debug */,
				0CD0EA872408973200DE10E5 /* Release */,
			);
			defaultConfigurationIsVisible = 0;
			defaultConfigurationName = Release;
		};
/* End XCConfigurationList section */
	};
	rootObject = 0CD0EA502408973100DE10E5 /* Project object */;
}
